{
	"name": "@markdownplus/html-renderer",
	"version": "1.0.0",
	"lockfileVersion": 2,
	"requires": true,
	"packages": {
		"": {
			"name": "@markdownplus/html-renderer",
			"version": "1.0.0",
			"license": "MIT",
			"dependencies": {
				"@snowblind/core": "^2.1.6"
			},
			"devDependencies": {
				"@types/node": "^18.6.1"
			}
		},
		"node_modules/@snowblind/core": {
			"version": "2.1.6",
			"resolved": "https://registry.npmjs.org/@snowblind/core/-/core-2.1.6.tgz",
			"integrity": "sha512-9Akj6HyOsLdxNLuHKKKEy3HZJx5UqlbGhRvfVlnHzOkN8y0LFWM1STA0Qv2g2OoW/ePQbKGLffmAiHuv0RJ8ug=="
		},
		"node_modules/@types/node": {
			"version": "18.6.1",
			"resolved": "https://registry.npmjs.org/@types/node/-/node-18.6.1.tgz",
			"integrity": "sha512-z+2vB6yDt1fNwKOeGbckpmirO+VBDuQqecXkgeIqDlaOtmKn6hPR/viQ8cxCfqLU4fTlvM3+YjM367TukWdxpg==",
			"dev": true
		}
	},
	"dependencies": {
		"@snowblind/core": {
			"version": "2.1.6",
			"resolved": "https://registry.npmjs.org/@snowblind/core/-/core-2.1.6.tgz",
			"integrity": "sha512-9Akj6HyOsLdxNLuHKKKEy3HZJx5UqlbGhRvfVlnHzOkN8y0LFWM1STA0Qv2g2OoW/ePQbKGLffmAiHuv0RJ8ug=="
		},
		"@types/node": {
			"version": "18.6.1",
			"resolved": "https://registry.npmjs.org/@types/node/-/node-18.6.1.tgz",
			"integrity": "sha512-z+2vB6yDt1fNwKOeGbckpmirO+VBDuQqecXkgeIqDlaOtmKn6hPR/viQ8cxCfqLU4fTlvM3+YjM367TukWdxpg==",
			"dev": true
		}
	}
}
